// !$*UTF8*$!
{
	archiveVersion = 1;
	classes = {
	};
	objectVersion = 77;
	objects = {

/* Begin PBXBuildFile section */
		34072DBD2D7B38E600EA022A /* AlertPresenter.swift in Sources */ = {isa = PBXBuildFile; fileRef = 34072DBC2D7B38E600EA022A /* AlertPresenter.swift */; };
		34296D422D7AE0C80088B170 /* NetworkClient+Decode.swift in Sources */ = {isa = PBXBuildFile; fileRef = 34296D412D7AE0C80088B170 /* NetworkClient+Decode.swift */; };
		344460EC2D621892007C18ED /* OAuth2Service.swift in Sources */ = {isa = PBXBuildFile; fileRef = 344460EB2D621892007C18ED /* OAuth2Service.swift */; };
		344460F92D622D30007C18ED /* OAuthTokenResponseBody.swift in Sources */ = {isa = PBXBuildFile; fileRef = 344460F82D622D30007C18ED /* OAuthTokenResponseBody.swift */; };
		344F93F32D75DEC300775845 /* UIBlockingProgressHUD.swift in Sources */ = {isa = PBXBuildFile; fileRef = 344F93F22D75DEC300775845 /* UIBlockingProgressHUD.swift */; };
		344F93F62D75EF2C00775845 /* ProfileService.swift in Sources */ = {isa = PBXBuildFile; fileRef = 344F93F52D75EF2C00775845 /* ProfileService.swift */; };
		344F93F82D75EF6300775845 /* ProfileResult.swift in Sources */ = {isa = PBXBuildFile; fileRef = 344F93F72D75EF6300775845 /* ProfileResult.swift */; };
		344F93FA2D75EF8200775845 /* Profile.swift in Sources */ = {isa = PBXBuildFile; fileRef = 344F93F92D75EF8200775845 /* Profile.swift */; };
		3457DA752D8163D400AE4656 /* TabBarController.swift in Sources */ = {isa = PBXBuildFile; fileRef = 3457DA742D8163D400AE4656 /* TabBarController.swift */; };
		345A7F372D7EF8AE002FE876 /* Kingfisher in Frameworks */ = {isa = PBXBuildFile; productRef = 345A7F362D7EF8AE002FE876 /* Kingfisher */; };
		345A7F3A2D7F0B30002FE876 /* SwiftKeychainWrapper in Frameworks */ = {isa = PBXBuildFile; productRef = 345A7F392D7F0B30002FE876 /* SwiftKeychainWrapper */; };
		345A7F3C2D7F0B61002FE876 /* AuthTokenService.swift in Sources */ = {isa = PBXBuildFile; fileRef = 345A7F3B2D7F0B61002FE876 /* AuthTokenService.swift */; };
		347A98232D52299500FC28A6 /* ExtensionsUIView.swift in Sources */ = {isa = PBXBuildFile; fileRef = 347A98222D52299500FC28A6 /* ExtensionsUIView.swift */; };
		34A8F30A2D649F9F0051C20A /* SplashViewController.swift in Sources */ = {isa = PBXBuildFile; fileRef = 34A8F3092D649F9F0051C20A /* SplashViewController.swift */; };
		34A8F30C2D64BE470051C20A /* AuthViewControllerDelegate.swift in Sources */ = {isa = PBXBuildFile; fileRef = 34A8F30B2D64BE470051C20A /* AuthViewControllerDelegate.swift */; };
		34BE2F682D7727B70072E3BE /* ProfileImageService.swift in Sources */ = {isa = PBXBuildFile; fileRef = 34BE2F672D7727B70072E3BE /* ProfileImageService.swift */; };
		34BE2F6A2D7727FA0072E3BE /* UserResult.swift in Sources */ = {isa = PBXBuildFile; fileRef = 34BE2F692D7727FA0072E3BE /* UserResult.swift */; };
		34ECA8042D733AF500034625 /* ProgressHUD in Frameworks */ = {isa = PBXBuildFile; productRef = 34ECA8032D733AF500034625 /* ProgressHUD */; };
		34ED19002D8F25A400C8DEEF /* SingleImageScrollView.swift in Sources */ = {isa = PBXBuildFile; fileRef = 34ED18FF2D8F25A400C8DEEF /* SingleImageScrollView.swift */; };
		34F2A4332D60AF3400583FE5 /* WebViewViewControllerDelegate.swift in Sources */ = {isa = PBXBuildFile; fileRef = 34F2A4322D60AF3400583FE5 /* WebViewViewControllerDelegate.swift */; };
		34F9F4FB2D5F3F9700BE4CE9 /* Constants.swift in Sources */ = {isa = PBXBuildFile; fileRef = 34F9F4FA2D5F3F9700BE4CE9 /* Constants.swift */; };
		34F9F4FE2D5F514000BE4CE9 /* AuthViewController.swift in Sources */ = {isa = PBXBuildFile; fileRef = 34F9F4FD2D5F514000BE4CE9 /* AuthViewController.swift */; };
		34F9F5002D5F52A500BE4CE9 /* WebViewViewController.swift in Sources */ = {isa = PBXBuildFile; fileRef = 34F9F4FF2D5F52A500BE4CE9 /* WebViewViewController.swift */; };
		9F0567A02D44FDC100D3244E /* AppDelegate.swift in Sources */ = {isa = PBXBuildFile; fileRef = 9F0567962D44FDC100D3244E /* AppDelegate.swift */; };
		9F0567A12D44FDC100D3244E /* SceneDelegate.swift in Sources */ = {isa = PBXBuildFile; fileRef = 9F05679D2D44FDC100D3244E /* SceneDelegate.swift */; };
		9F0567A22D44FDC100D3244E /* ImagesListViewController.swift in Sources */ = {isa = PBXBuildFile; fileRef = 9F05679E2D44FDC100D3244E /* ImagesListViewController.swift */; };
		9F0567A32D44FDC100D3244E /* Assets.xcassets in Resources */ = {isa = PBXBuildFile; fileRef = 9F0567972D44FDC100D3244E /* Assets.xcassets */; };
		9F0567A52D44FDC100D3244E /* LaunchScreen.storyboard in Resources */ = {isa = PBXBuildFile; fileRef = 9F05679A2D44FDC100D3244E /* LaunchScreen.storyboard */; };
		9F0567A62D44FDC100D3244E /* Main.storyboard in Resources */ = {isa = PBXBuildFile; fileRef = 9F05679C2D44FDC100D3244E /* Main.storyboard */; };
		9F4D54EF2D48F76C00EA6C93 /* GradientView.swift in Sources */ = {isa = PBXBuildFile; fileRef = 9F4D54EE2D48F76C00EA6C93 /* GradientView.swift */; };
		9F780B522D4BB83B0071B2E2 /* ProfileViewController.swift in Sources */ = {isa = PBXBuildFile; fileRef = 9F780B512D4BB83B0071B2E2 /* ProfileViewController.swift */; };
		9F79A2882D476E0700986E30 /* ImagesListCell.swift in Sources */ = {isa = PBXBuildFile; fileRef = 9F79A2872D476E0700986E30 /* ImagesListCell.swift */; };
		9FDDB2C82D4F620D002EEF93 /* SingleImageViewController.swift in Sources */ = {isa = PBXBuildFile; fileRef = 9FDDB2C72D4F620D002EEF93 /* SingleImageViewController.swift */; };
/* End PBXBuildFile section */

/* Begin PBXFileReference section */
		34072DBC2D7B38E600EA022A /* AlertPresenter.swift */ = {isa = PBXFileReference; lastKnownFileType = sourcecode.swift; path = AlertPresenter.swift; sourceTree = "<group>"; };
		34296D412D7AE0C80088B170 /* NetworkClient+Decode.swift */ = {isa = PBXFileReference; lastKnownFileType = sourcecode.swift; path = "NetworkClient+Decode.swift"; sourceTree = "<group>"; };
		344460EB2D621892007C18ED /* OAuth2Service.swift */ = {isa = PBXFileReference; lastKnownFileType = sourcecode.swift; path = OAuth2Service.swift; sourceTree = "<group>"; };
		344460F82D622D30007C18ED /* OAuthTokenResponseBody.swift */ = {isa = PBXFileReference; lastKnownFileType = sourcecode.swift; path = OAuthTokenResponseBody.swift; sourceTree = "<group>"; };
		344F93F22D75DEC300775845 /* UIBlockingProgressHUD.swift */ = {isa = PBXFileReference; lastKnownFileType = sourcecode.swift; path = UIBlockingProgressHUD.swift; sourceTree = "<group>"; };
		344F93F52D75EF2C00775845 /* ProfileService.swift */ = {isa = PBXFileReference; lastKnownFileType = sourcecode.swift; path = ProfileService.swift; sourceTree = "<group>"; };
		344F93F72D75EF6300775845 /* ProfileResult.swift */ = {isa = PBXFileReference; lastKnownFileType = sourcecode.swift; path = ProfileResult.swift; sourceTree = "<group>"; };
		344F93F92D75EF8200775845 /* Profile.swift */ = {isa = PBXFileReference; lastKnownFileType = sourcecode.swift; path = Profile.swift; sourceTree = "<group>"; };
		3457DA742D8163D400AE4656 /* TabBarController.swift */ = {isa = PBXFileReference; lastKnownFileType = sourcecode.swift; path = TabBarController.swift; sourceTree = "<group>"; };
		345A7F3B2D7F0B61002FE876 /* AuthTokenService.swift */ = {isa = PBXFileReference; lastKnownFileType = sourcecode.swift; path = AuthTokenService.swift; sourceTree = "<group>"; };
		347A98222D52299500FC28A6 /* ExtensionsUIView.swift */ = {isa = PBXFileReference; lastKnownFileType = sourcecode.swift; path = ExtensionsUIView.swift; sourceTree = "<group>"; };
		34A8F3092D649F9F0051C20A /* SplashViewController.swift */ = {isa = PBXFileReference; lastKnownFileType = sourcecode.swift; path = SplashViewController.swift; sourceTree = "<group>"; };
		34A8F30B2D64BE470051C20A /* AuthViewControllerDelegate.swift */ = {isa = PBXFileReference; lastKnownFileType = sourcecode.swift; path = AuthViewControllerDelegate.swift; sourceTree = "<group>"; };
		34BE2F672D7727B70072E3BE /* ProfileImageService.swift */ = {isa = PBXFileReference; lastKnownFileType = sourcecode.swift; path = ProfileImageService.swift; sourceTree = "<group>"; };
		34BE2F692D7727FA0072E3BE /* UserResult.swift */ = {isa = PBXFileReference; lastKnownFileType = sourcecode.swift; path = UserResult.swift; sourceTree = "<group>"; };
		34ED18FF2D8F25A400C8DEEF /* SingleImageScrollView.swift */ = {isa = PBXFileReference; lastKnownFileType = sourcecode.swift; path = SingleImageScrollView.swift; sourceTree = "<group>"; };
		34F2A4322D60AF3400583FE5 /* WebViewViewControllerDelegate.swift */ = {isa = PBXFileReference; lastKnownFileType = sourcecode.swift; path = WebViewViewControllerDelegate.swift; sourceTree = "<group>"; };
		34F9F4FA2D5F3F9700BE4CE9 /* Constants.swift */ = {isa = PBXFileReference; lastKnownFileType = sourcecode.swift; path = Constants.swift; sourceTree = "<group>"; };
		34F9F4FD2D5F514000BE4CE9 /* AuthViewController.swift */ = {isa = PBXFileReference; lastKnownFileType = sourcecode.swift; path = AuthViewController.swift; sourceTree = "<group>"; };
		34F9F4FF2D5F52A500BE4CE9 /* WebViewViewController.swift */ = {isa = PBXFileReference; lastKnownFileType = sourcecode.swift; path = WebViewViewController.swift; sourceTree = "<group>"; };
		9F0567962D44FDC100D3244E /* AppDelegate.swift */ = {isa = PBXFileReference; lastKnownFileType = sourcecode.swift; path = AppDelegate.swift; sourceTree = "<group>"; };
		9F0567972D44FDC100D3244E /* Assets.xcassets */ = {isa = PBXFileReference; lastKnownFileType = folder.assetcatalog; path = Assets.xcassets; sourceTree = "<group>"; };
		9F0567982D44FDC100D3244E /* Info.plist */ = {isa = PBXFileReference; lastKnownFileType = text.plist.xml; path = Info.plist; sourceTree = "<group>"; };
		9F0567992D44FDC100D3244E /* Base */ = {isa = PBXFileReference; lastKnownFileType = file.storyboard; name = Base; path = Base.lproj/LaunchScreen.storyboard; sourceTree = "<group>"; };
		9F05679B2D44FDC100D3244E /* Base */ = {isa = PBXFileReference; lastKnownFileType = file.storyboard; name = Base; path = Base.lproj/Main.storyboard; sourceTree = "<group>"; };
		9F05679D2D44FDC100D3244E /* SceneDelegate.swift */ = {isa = PBXFileReference; lastKnownFileType = sourcecode.swift; path = SceneDelegate.swift; sourceTree = "<group>"; };
		9F05679E2D44FDC100D3244E /* ImagesListViewController.swift */ = {isa = PBXFileReference; lastKnownFileType = sourcecode.swift; path = ImagesListViewController.swift; sourceTree = "<group>"; };
		9F4D54EE2D48F76C00EA6C93 /* GradientView.swift */ = {isa = PBXFileReference; lastKnownFileType = sourcecode.swift; path = GradientView.swift; sourceTree = "<group>"; };
		9F5275F42D426D97007D2DEE /* ImageFeed.app */ = {isa = PBXFileReference; explicitFileType = wrapper.application; includeInIndex = 0; path = ImageFeed.app; sourceTree = BUILT_PRODUCTS_DIR; };
		9F780B512D4BB83B0071B2E2 /* ProfileViewController.swift */ = {isa = PBXFileReference; lastKnownFileType = sourcecode.swift; path = ProfileViewController.swift; sourceTree = "<group>"; };
		9F79A2872D476E0700986E30 /* ImagesListCell.swift */ = {isa = PBXFileReference; lastKnownFileType = sourcecode.swift; path = ImagesListCell.swift; sourceTree = "<group>"; };
		9FDDB2C72D4F620D002EEF93 /* SingleImageViewController.swift */ = {isa = PBXFileReference; lastKnownFileType = sourcecode.swift; path = SingleImageViewController.swift; sourceTree = "<group>"; };
/* End PBXFileReference section */

/* Begin PBXFrameworksBuildPhase section */
		9F5275F12D426D97007D2DEE /* Frameworks */ = {
			isa = PBXFrameworksBuildPhase;
			buildActionMask = 2147483647;
			files = (
				345A7F372D7EF8AE002FE876 /* Kingfisher in Frameworks */,
				34ECA8042D733AF500034625 /* ProgressHUD in Frameworks */,
				345A7F3A2D7F0B30002FE876 /* SwiftKeychainWrapper in Frameworks */,
			);
			runOnlyForDeploymentPostprocessing = 0;
		};
/* End PBXFrameworksBuildPhase section */

/* Begin PBXGroup section */
		34296D402D7AE0A60088B170 /* Services */ = {
			isa = PBXGroup;
			children = (
				34296D412D7AE0C80088B170 /* NetworkClient+Decode.swift */,
				34072DBC2D7B38E600EA022A /* AlertPresenter.swift */,
				345A7F3B2D7F0B61002FE876 /* AuthTokenService.swift */,
				344F93F22D75DEC300775845 /* UIBlockingProgressHUD.swift */,
			);
			path = Services;
			sourceTree = "<group>";
		};
		344460E82D6214A7007C18ED /* Services */ = {
			isa = PBXGroup;
			children = (
				344460EB2D621892007C18ED /* OAuth2Service.swift */,
			);
			path = Services;
			sourceTree = "<group>";
		};
		344460F72D622D1D007C18ED /* Model */ = {
			isa = PBXGroup;
			children = (
				344460F82D622D30007C18ED /* OAuthTokenResponseBody.swift */,
				344F93F72D75EF6300775845 /* ProfileResult.swift */,
				344F93F92D75EF8200775845 /* Profile.swift */,
				34BE2F692D7727FA0072E3BE /* UserResult.swift */,
			);
			path = Model;
			sourceTree = "<group>";
		};
		344F93F42D75EF1C00775845 /* Services */ = {
			isa = PBXGroup;
			children = (
				344F93F52D75EF2C00775845 /* ProfileService.swift */,
				34BE2F672D7727B70072E3BE /* ProfileImageService.swift */,
			);
			path = Services;
			sourceTree = "<group>";
		};
		3457DA732D8163BE00AE4656 /* TabBar */ = {
			isa = PBXGroup;
			children = (
				3457DA742D8163D400AE4656 /* TabBarController.swift */,
			);
			path = TabBar;
			sourceTree = "<group>";
		};
		347A98212D52297400FC28A6 /* Extensions */ = {
			isa = PBXGroup;
			children = (
				347A98222D52299500FC28A6 /* ExtensionsUIView.swift */,
			);
			path = Extensions;
			sourceTree = "<group>";
		};
		34A8F3082D649F870051C20A /* SplashScreen */ = {
			isa = PBXGroup;
			children = (
				34A8F3092D649F9F0051C20A /* SplashViewController.swift */,
			);
			path = SplashScreen;
			sourceTree = "<group>";
		};
		34ECA8012D7332D900034625 /* Components */ = {
			isa = PBXGroup;
			children = (
				9F4D54EE2D48F76C00EA6C93 /* GradientView.swift */,
			);
			path = Components;
			sourceTree = "<group>";
		};
		34F2A4312D60AF1000583FE5 /* Protocol */ = {
			isa = PBXGroup;
			children = (
				34F2A4322D60AF3400583FE5 /* WebViewViewControllerDelegate.swift */,
				34A8F30B2D64BE470051C20A /* AuthViewControllerDelegate.swift */,
			);
			path = Protocol;
			sourceTree = "<group>";
		};
		34F9F4F92D5F3F6A00BE4CE9 /* Utils */ = {
			isa = PBXGroup;
			children = (
				34F9F4FA2D5F3F9700BE4CE9 /* Constants.swift */,
			);
			path = Utils;
			sourceTree = "<group>";
		};
		34F9F4FC2D5F513300BE4CE9 /* Auth */ = {
			isa = PBXGroup;
			children = (
				34F9F4FD2D5F514000BE4CE9 /* AuthViewController.swift */,
				34F9F4FF2D5F52A500BE4CE9 /* WebViewViewController.swift */,
				344460E82D6214A7007C18ED /* Services */,
				34F2A4312D60AF1000583FE5 /* Protocol */,
			);
			path = Auth;
			sourceTree = "<group>";
		};
		9F05679F2D44FDC100D3244E /* ImageFeed */ = {
			isa = PBXGroup;
			children = (
				3457DA732D8163BE00AE4656 /* TabBar */,
				34A8F3082D649F870051C20A /* SplashScreen */,
				34F9F4FC2D5F513300BE4CE9 /* Auth */,
				9F780B502D4BB81E0071B2E2 /* Profile */,
				9F79A2862D476DE900986E30 /* ImageList */,
				9FDDB2C62D4F61FD002EEF93 /* SingleImage */,
				34296D402D7AE0A60088B170 /* Services */,
				344460F72D622D1D007C18ED /* Model */,
				34ECA8012D7332D900034625 /* Components */,
				34F9F4F92D5F3F6A00BE4CE9 /* Utils */,
				347A98212D52297400FC28A6 /* Extensions */,
				9F05679A2D44FDC100D3244E /* LaunchScreen.storyboard */,
				9F05679C2D44FDC100D3244E /* Main.storyboard */,
				9F0567972D44FDC100D3244E /* Assets.xcassets */,
				9F0567982D44FDC100D3244E /* Info.plist */,
				9F0567962D44FDC100D3244E /* AppDelegate.swift */,
				9F05679D2D44FDC100D3244E /* SceneDelegate.swift */,
			);
			path = ImageFeed;
			sourceTree = "<group>";
		};
		9F5275EB2D426D97007D2DEE = {
			isa = PBXGroup;
			children = (
				9F05679F2D44FDC100D3244E /* ImageFeed */,
				9F5275F52D426D97007D2DEE /* Products */,
			);
			sourceTree = "<group>";
		};
		9F5275F52D426D97007D2DEE /* Products */ = {
			isa = PBXGroup;
			children = (
				9F5275F42D426D97007D2DEE /* ImageFeed.app */,
			);
			name = Products;
			sourceTree = "<group>";
		};
		9F780B502D4BB81E0071B2E2 /* Profile */ = {
			isa = PBXGroup;
			children = (
				9F780B512D4BB83B0071B2E2 /* ProfileViewController.swift */,
				344F93F42D75EF1C00775845 /* Services */,
			);
			path = Profile;
			sourceTree = "<group>";
		};
		9F79A2862D476DE900986E30 /* ImageList */ = {
			isa = PBXGroup;
			children = (
				9F05679E2D44FDC100D3244E /* ImagesListViewController.swift */,
				9F79A2872D476E0700986E30 /* ImagesListCell.swift */,
			);
			path = ImageList;
			sourceTree = "<group>";
		};
		9FDDB2C62D4F61FD002EEF93 /* SingleImage */ = {
			isa = PBXGroup;
			children = (
				9FDDB2C72D4F620D002EEF93 /* SingleImageViewController.swift */,
				34ED18FF2D8F25A400C8DEEF /* SingleImageScrollView.swift */,
			);
			path = SingleImage;
			sourceTree = "<group>";
		};
/* End PBXGroup section */

/* Begin PBXNativeTarget section */
		9F5275F32D426D97007D2DEE /* ImageFeed */ = {
			isa = PBXNativeTarget;
			buildConfigurationList = 9F5276072D426D99007D2DEE /* Build configuration list for PBXNativeTarget "ImageFeed" */;
			buildPhases = (
				9F5275F02D426D97007D2DEE /* Sources */,
				9F5275F12D426D97007D2DEE /* Frameworks */,
				9F5275F22D426D97007D2DEE /* Resources */,
			);
			buildRules = (
			);
			dependencies = (
			);
			name = ImageFeed;
			packageProductDependencies = (
				34ECA8032D733AF500034625 /* ProgressHUD */,
				345A7F362D7EF8AE002FE876 /* Kingfisher */,
				345A7F392D7F0B30002FE876 /* SwiftKeychainWrapper */,
			);
			productName = ImageFeed;
			productReference = 9F5275F42D426D97007D2DEE /* ImageFeed.app */;
			productType = "com.apple.product-type.application";
		};
/* End PBXNativeTarget section */

/* Begin PBXProject section */
		9F5275EC2D426D97007D2DEE /* Project object */ = {
			isa = PBXProject;
			attributes = {
				BuildIndependentTargetsInParallel = 1;
				LastSwiftUpdateCheck = 1620;
				LastUpgradeCheck = 1620;
				TargetAttributes = {
					9F5275F32D426D97007D2DEE = {
						CreatedOnToolsVersion = 16.2;
					};
				};
			};
			buildConfigurationList = 9F5275EF2D426D97007D2DEE /* Build configuration list for PBXProject "ImageFeed" */;
			developmentRegion = en;
			hasScannedForEncodings = 0;
			knownRegions = (
				en,
				Base,
			);
			mainGroup = 9F5275EB2D426D97007D2DEE;
			minimizedProjectReferenceProxies = 1;
			packageReferences = (
				34ECA8022D733AF500034625 /* XCRemoteSwiftPackageReference "ProgressHUD" */,
				345A7F352D7EF8AE002FE876 /* XCRemoteSwiftPackageReference "Kingfisher" */,
				345A7F382D7F0B30002FE876 /* XCRemoteSwiftPackageReference "SwiftKeychainWrapper" */,
			);
			preferredProjectObjectVersion = 77;
			productRefGroup = 9F5275F52D426D97007D2DEE /* Products */;
			projectDirPath = "";
			projectRoot = "";
			targets = (
				9F5275F32D426D97007D2DEE /* ImageFeed */,
			);
		};
/* End PBXProject section */

/* Begin PBXResourcesBuildPhase section */
		9F5275F22D426D97007D2DEE /* Resources */ = {
			isa = PBXResourcesBuildPhase;
			buildActionMask = 2147483647;
			files = (
				9F0567A32D44FDC100D3244E /* Assets.xcassets in Resources */,
				9F0567A52D44FDC100D3244E /* LaunchScreen.storyboard in Resources */,
				9F0567A62D44FDC100D3244E /* Main.storyboard in Resources */,
			);
			runOnlyForDeploymentPostprocessing = 0;
		};
/* End PBXResourcesBuildPhase section */

/* Begin PBXSourcesBuildPhase section */
		9F5275F02D426D97007D2DEE /* Sources */ = {
			isa = PBXSourcesBuildPhase;
			buildActionMask = 2147483647;
			files = (
				9F780B522D4BB83B0071B2E2 /* ProfileViewController.swift in Sources */,
				34F9F5002D5F52A500BE4CE9 /* WebViewViewController.swift in Sources */,
				344460EC2D621892007C18ED /* OAuth2Service.swift in Sources */,
				34A8F30A2D649F9F0051C20A /* SplashViewController.swift in Sources */,
				34ED19002D8F25A400C8DEEF /* SingleImageScrollView.swift in Sources */,
				9F0567A02D44FDC100D3244E /* AppDelegate.swift in Sources */,
				34F2A4332D60AF3400583FE5 /* WebViewViewControllerDelegate.swift in Sources */,
				34A8F30C2D64BE470051C20A /* AuthViewControllerDelegate.swift in Sources */,
				34072DBD2D7B38E600EA022A /* AlertPresenter.swift in Sources */,
				34F9F4FE2D5F514000BE4CE9 /* AuthViewController.swift in Sources */,
				347A98232D52299500FC28A6 /* ExtensionsUIView.swift in Sources */,
				344F93F62D75EF2C00775845 /* ProfileService.swift in Sources */,
				344F93F32D75DEC300775845 /* UIBlockingProgressHUD.swift in Sources */,
				34BE2F682D7727B70072E3BE /* ProfileImageService.swift in Sources */,
				9F79A2882D476E0700986E30 /* ImagesListCell.swift in Sources */,
				9FDDB2C82D4F620D002EEF93 /* SingleImageViewController.swift in Sources */,
				344F93F82D75EF6300775845 /* ProfileResult.swift in Sources */,
				9F4D54EF2D48F76C00EA6C93 /* GradientView.swift in Sources */,
				9F0567A12D44FDC100D3244E /* SceneDelegate.swift in Sources */,
				34BE2F6A2D7727FA0072E3BE /* UserResult.swift in Sources */,
				9F0567A22D44FDC100D3244E /* ImagesListViewController.swift in Sources */,
				344F93FA2D75EF8200775845 /* Profile.swift in Sources */,
				34F9F4FB2D5F3F9700BE4CE9 /* Constants.swift in Sources */,
				345A7F3C2D7F0B61002FE876 /* AuthTokenService.swift in Sources */,
				3457DA752D8163D400AE4656 /* TabBarController.swift in Sources */,
				344460F92D622D30007C18ED /* OAuthTokenResponseBody.swift in Sources */,
				34296D422D7AE0C80088B170 /* NetworkClient+Decode.swift in Sources */,
			);
			runOnlyForDeploymentPostprocessing = 0;
		};
/* End PBXSourcesBuildPhase section */

/* Begin PBXVariantGroup section */
		9F05679A2D44FDC100D3244E /* LaunchScreen.storyboard */ = {
			isa = PBXVariantGroup;
			children = (
				9F0567992D44FDC100D3244E /* Base */,
			);
			name = LaunchScreen.storyboard;
			sourceTree = "<group>";
		};
		9F05679C2D44FDC100D3244E /* Main.storyboard */ = {
			isa = PBXVariantGroup;
			children = (
				9F05679B2D44FDC100D3244E /* Base */,
			);
			name = Main.storyboard;
			sourceTree = "<group>";
		};
/* End PBXVariantGroup section */

/* Begin XCBuildConfiguration section */
		9F5276082D426D99007D2DEE /* Debug */ = {
			isa = XCBuildConfiguration;
			buildSettings = {
				ASSETCATALOG_COMPILER_APPICON_NAME = AppIcon;
				ASSETCATALOG_COMPILER_GLOBAL_ACCENT_COLOR_NAME = AccentColor;
				CODE_SIGN_STYLE = Automatic;
				CURRENT_PROJECT_VERSION = 1;
				DEVELOPMENT_TEAM = X4PWX9697V;
				GENERATE_INFOPLIST_FILE = YES;
				INFOPLIST_FILE = ImageFeed/Info.plist;
				INFOPLIST_KEY_NSPhotoLibraryAddUsageDescription = "We need to write photos";
				INFOPLIST_KEY_UIApplicationSupportsIndirectInputEvents = YES;
				INFOPLIST_KEY_UILaunchStoryboardName = LaunchScreen;
				INFOPLIST_KEY_UIMainStoryboardFile = Main;
				INFOPLIST_KEY_UIStatusBarStyle = "";
				INFOPLIST_KEY_UISupportedInterfaceOrientations = UIInterfaceOrientationPortrait;
				IPHONEOS_DEPLOYMENT_TARGET = 13.0;
				LD_RUNPATH_SEARCH_PATHS = (
					"$(inherited)",
					"@executable_path/Frameworks",
				);
				MARKETING_VERSION = 1.0;
				PRODUCT_BUNDLE_IDENTIFIER = matcorp.ImageFeed;
				PRODUCT_NAME = "$(TARGET_NAME)";
				SUPPORTED_PLATFORMS = "iphoneos iphonesimulator";
				SUPPORTS_MACCATALYST = NO;
				SUPPORTS_MAC_DESIGNED_FOR_IPHONE_IPAD = NO;
				SUPPORTS_XR_DESIGNED_FOR_IPHONE_IPAD = NO;
				SWIFT_EMIT_LOC_STRINGS = YES;
				SWIFT_VERSION = 5.0;
				TARGETED_DEVICE_FAMILY = 1;
			};
			name = Debug;
		};
		9F5276092D426D99007D2DEE /* Release */ = {
			isa = XCBuildConfiguration;
			buildSettings = {
				ASSETCATALOG_COMPILER_APPICON_NAME = AppIcon;
				ASSETCATALOG_COMPILER_GLOBAL_ACCENT_COLOR_NAME = AccentColor;
				CODE_SIGN_STYLE = Automatic;
				CURRENT_PROJECT_VERSION = 1;
				DEVELOPMENT_TEAM = X4PWX9697V;
				GENERATE_INFOPLIST_FILE = YES;
				INFOPLIST_FILE = ImageFeed/Info.plist;
				INFOPLIST_KEY_NSPhotoLibraryAddUsageDescription = "We need to write photos";
				INFOPLIST_KEY_UIApplicationSupportsIndirectInputEvents = YES;
				INFOPLIST_KEY_UILaunchStoryboardName = LaunchScreen;
				INFOPLIST_KEY_UIMainStoryboardFile = Main;
				INFOPLIST_KEY_UIStatusBarStyle = "";
				INFOPLIST_KEY_UISupportedInterfaceOrientations = UIInterfaceOrientationPortrait;
				IPHONEOS_DEPLOYMENT_TARGET = 13.0;
				LD_RUNPATH_SEARCH_PATHS = (
					"$(inherited)",
					"@executable_path/Frameworks",
				);
				MARKETING_VERSION = 1.0;
				PRODUCT_BUNDLE_IDENTIFIER = matcorp.ImageFeed;
				PRODUCT_NAME = "$(TARGET_NAME)";
				SUPPORTED_PLATFORMS = "iphoneos iphonesimulator";
				SUPPORTS_MACCATALYST = NO;
				SUPPORTS_MAC_DESIGNED_FOR_IPHONE_IPAD = NO;
				SUPPORTS_XR_DESIGNED_FOR_IPHONE_IPAD = NO;
				SWIFT_EMIT_LOC_STRINGS = YES;
				SWIFT_VERSION = 5.0;
				TARGETED_DEVICE_FAMILY = 1;
			};
			name = Release;
		};
		9F52760A2D426D99007D2DEE /* Debug */ = {
			isa = XCBuildConfiguration;
			buildSettings = {
				ALWAYS_SEARCH_USER_PATHS = NO;
				ASSETCATALOG_COMPILER_GENERATE_SWIFT_ASSET_SYMBOL_EXTENSIONS = YES;
				CLANG_ANALYZER_NONNULL = YES;
				CLANG_ANALYZER_NUMBER_OBJECT_CONVERSION = YES_AGGRESSIVE;
				CLANG_CXX_LANGUAGE_STANDARD = "gnu++20";
				CLANG_ENABLE_MODULES = YES;
				CLANG_ENABLE_OBJC_ARC = YES;
				CLANG_ENABLE_OBJC_WEAK = YES;
				CLANG_WARN_BLOCK_CAPTURE_AUTORELEASING = YES;
				CLANG_WARN_BOOL_CONVERSION = YES;
				CLANG_WARN_COMMA = YES;
				CLANG_WARN_CONSTANT_CONVERSION = YES;
				CLANG_WARN_DEPRECATED_OBJC_IMPLEMENTATIONS = YES;
				CLANG_WARN_DIRECT_OBJC_ISA_USAGE = YES_ERROR;
				CLANG_WARN_DOCUMENTATION_COMMENTS = YES;
				CLANG_WARN_EMPTY_BODY = YES;
				CLANG_WARN_ENUM_CONVERSION = YES;
				CLANG_WARN_INFINITE_RECURSION = YES;
				CLANG_WARN_INT_CONVERSION = YES;
				CLANG_WARN_NON_LITERAL_NULL_CONVERSION = YES;
				CLANG_WARN_OBJC_IMPLICIT_RETAIN_SELF = YES;
				CLANG_WARN_OBJC_LITERAL_CONVERSION = YES;
				CLANG_WARN_OBJC_ROOT_CLASS = YES_ERROR;
				CLANG_WARN_QUOTED_INCLUDE_IN_FRAMEWORK_HEADER = YES;
				CLANG_WARN_RANGE_LOOP_ANALYSIS = YES;
				CLANG_WARN_STRICT_PROTOTYPES = YES;
				CLANG_WARN_SUSPICIOUS_MOVE = YES;
				CLANG_WARN_UNGUARDED_AVAILABILITY = YES_AGGRESSIVE;
				CLANG_WARN_UNREACHABLE_CODE = YES;
				CLANG_WARN__DUPLICATE_METHOD_MATCH = YES;
				COPY_PHASE_STRIP = NO;
				DEBUG_INFORMATION_FORMAT = dwarf;
				ENABLE_STRICT_OBJC_MSGSEND = YES;
				ENABLE_TESTABILITY = YES;
				ENABLE_USER_SCRIPT_SANDBOXING = YES;
				GCC_C_LANGUAGE_STANDARD = gnu17;
				GCC_DYNAMIC_NO_PIC = NO;
				GCC_NO_COMMON_BLOCKS = YES;
				GCC_OPTIMIZATION_LEVEL = 0;
				GCC_PREPROCESSOR_DEFINITIONS = (
					"DEBUG=1",
					"$(inherited)",
				);
				GCC_WARN_64_TO_32_BIT_CONVERSION = YES;
				GCC_WARN_ABOUT_RETURN_TYPE = YES_ERROR;
				GCC_WARN_UNDECLARED_SELECTOR = YES;
				GCC_WARN_UNINITIALIZED_AUTOS = YES_AGGRESSIVE;
				GCC_WARN_UNUSED_FUNCTION = YES;
				GCC_WARN_UNUSED_VARIABLE = YES;
				IPHONEOS_DEPLOYMENT_TARGET = 18.2;
				LOCALIZATION_PREFERS_STRING_CATALOGS = YES;
				MTL_ENABLE_DEBUG_INFO = INCLUDE_SOURCE;
				MTL_FAST_MATH = YES;
				ONLY_ACTIVE_ARCH = YES;
				SDKROOT = iphoneos;
				SWIFT_ACTIVE_COMPILATION_CONDITIONS = "DEBUG $(inherited)";
				SWIFT_OPTIMIZATION_LEVEL = "-Onone";
			};
			name = Debug;
		};
		9F52760B2D426D99007D2DEE /* Release */ = {
			isa = XCBuildConfiguration;
			buildSettings = {
				ALWAYS_SEARCH_USER_PATHS = NO;
				ASSETCATALOG_COMPILER_GENERATE_SWIFT_ASSET_SYMBOL_EXTENSIONS = YES;
				CLANG_ANALYZER_NONNULL = YES;
				CLANG_ANALYZER_NUMBER_OBJECT_CONVERSION = YES_AGGRESSIVE;
				CLANG_CXX_LANGUAGE_STANDARD = "gnu++20";
				CLANG_ENABLE_MODULES = YES;
				CLANG_ENABLE_OBJC_ARC = YES;
				CLANG_ENABLE_OBJC_WEAK = YES;
				CLANG_WARN_BLOCK_CAPTURE_AUTORELEASING = YES;
				CLANG_WARN_BOOL_CONVERSION = YES;
				CLANG_WARN_COMMA = YES;
				CLANG_WARN_CONSTANT_CONVERSION = YES;
				CLANG_WARN_DEPRECATED_OBJC_IMPLEMENTATIONS = YES;
				CLANG_WARN_DIRECT_OBJC_ISA_USAGE = YES_ERROR;
				CLANG_WARN_DOCUMENTATION_COMMENTS = YES;
				CLANG_WARN_EMPTY_BODY = YES;
				CLANG_WARN_ENUM_CONVERSION = YES;
				CLANG_WARN_INFINITE_RECURSION = YES;
				CLANG_WARN_INT_CONVERSION = YES;
				CLANG_WARN_NON_LITERAL_NULL_CONVERSION = YES;
				CLANG_WARN_OBJC_IMPLICIT_RETAIN_SELF = YES;
				CLANG_WARN_OBJC_LITERAL_CONVERSION = YES;
				CLANG_WARN_OBJC_ROOT_CLASS = YES_ERROR;
				CLANG_WARN_QUOTED_INCLUDE_IN_FRAMEWORK_HEADER = YES;
				CLANG_WARN_RANGE_LOOP_ANALYSIS = YES;
				CLANG_WARN_STRICT_PROTOTYPES = YES;
				CLANG_WARN_SUSPICIOUS_MOVE = YES;
				CLANG_WARN_UNGUARDED_AVAILABILITY = YES_AGGRESSIVE;
				CLANG_WARN_UNREACHABLE_CODE = YES;
				CLANG_WARN__DUPLICATE_METHOD_MATCH = YES;
				COPY_PHASE_STRIP = NO;
				DEBUG_INFORMATION_FORMAT = "dwarf-with-dsym";
				ENABLE_NS_ASSERTIONS = NO;
				ENABLE_STRICT_OBJC_MSGSEND = YES;
				ENABLE_USER_SCRIPT_SANDBOXING = YES;
				GCC_C_LANGUAGE_STANDARD = gnu17;
				GCC_NO_COMMON_BLOCKS = YES;
				GCC_WARN_64_TO_32_BIT_CONVERSION = YES;
				GCC_WARN_ABOUT_RETURN_TYPE = YES_ERROR;
				GCC_WARN_UNDECLARED_SELECTOR = YES;
				GCC_WARN_UNINITIALIZED_AUTOS = YES_AGGRESSIVE;
				GCC_WARN_UNUSED_FUNCTION = YES;
				GCC_WARN_UNUSED_VARIABLE = YES;
				IPHONEOS_DEPLOYMENT_TARGET = 18.2;
				LOCALIZATION_PREFERS_STRING_CATALOGS = YES;
				MTL_ENABLE_DEBUG_INFO = NO;
				MTL_FAST_MATH = YES;
				SDKROOT = iphoneos;
				SWIFT_COMPILATION_MODE = wholemodule;
				VALIDATE_PRODUCT = YES;
			};
			name = Release;
		};
/* End XCBuildConfiguration section */

/* Begin XCConfigurationList section */
		9F5275EF2D426D97007D2DEE /* Build configuration list for PBXProject "ImageFeed" */ = {
			isa = XCConfigurationList;
			buildConfigurations = (
				9F52760A2D426D99007D2DEE /* Debug */,
				9F52760B2D426D99007D2DEE /* Release */,
			);
			defaultConfigurationIsVisible = 0;
			defaultConfigurationName = Release;
		};
		9F5276072D426D99007D2DEE /* Build configuration list for PBXNativeTarget "ImageFeed" */ = {
			isa = XCConfigurationList;
			buildConfigurations = (
				9F5276082D426D99007D2DEE /* Debug */,
				9F5276092D426D99007D2DEE /* Release */,
			);
			defaultConfigurationIsVisible = 0;
			defaultConfigurationName = Release;
		};
/* End XCConfigurationList section */

/* Begin XCRemoteSwiftPackageReference section */
		345A7F352D7EF8AE002FE876 /* XCRemoteSwiftPackageReference "Kingfisher" */ = {
			isa = XCRemoteSwiftPackageReference;
			repositoryURL = "https://github.com/onevcat/Kingfisher.git";
			requirement = {
				kind = upToNextMajorVersion;
				minimumVersion = 8.3.0;
			};
		};
		345A7F382D7F0B30002FE876 /* XCRemoteSwiftPackageReference "SwiftKeychainWrapper" */ = {
			isa = XCRemoteSwiftPackageReference;
			repositoryURL = "https://github.com/jrendel/SwiftKeychainWrapper";
			requirement = {
				kind = upToNextMajorVersion;
				minimumVersion = 4.0.1;
			};
		};
		34ECA8022D733AF500034625 /* XCRemoteSwiftPackageReference "ProgressHUD" */ = {
			isa = XCRemoteSwiftPackageReference;
			repositoryURL = "https://github.com/relatedcode/ProgressHUD";
			requirement = {
				kind = exactVersion;
				version = 14.1.3;
			};
		};
/* End XCRemoteSwiftPackageReference section */

/* Begin XCSwiftPackageProductDependency section */
		345A7F362D7EF8AE002FE876 /* Kingfisher */ = {
			isa = XCSwiftPackageProductDependency;
			package = 345A7F352D7EF8AE002FE876 /* XCRemoteSwiftPackageReference "Kingfisher" */;
			productName = Kingfisher;
		};
		345A7F392D7F0B30002FE876 /* SwiftKeychainWrapper */ = {
			isa = XCSwiftPackageProductDependency;
			package = 345A7F382D7F0B30002FE876 /* XCRemoteSwiftPackageReference "SwiftKeychainWrapper" */;
			productName = SwiftKeychainWrapper;
		};
		34ECA8032D733AF500034625 /* ProgressHUD */ = {
			isa = XCSwiftPackageProductDependency;
			package = 34ECA8022D733AF500034625 /* XCRemoteSwiftPackageReference "ProgressHUD" */;
			productName = ProgressHUD;
		};
/* End XCSwiftPackageProductDependency section */
	};
	rootObject = 9F5275EC2D426D97007D2DEE /* Project object */;
}
